
Microsoft Visual Studio Solution File, Format Version 12.00
# Visual Studio Version 17
VisualStudioVersion = 17.1.32328.378
MinimumVisualStudioVersion = 10.0.40219.1
Project("{FAE04EC0-301F-11D3-BF4B-00C04F79EFBC}") = "RestSharpThird", "RestSharpThird\RestSharpThird.csproj", "{56F5CE81-71CE-4E9B-9DD4-32DCE8EC7FC9}"
EndProject
Global
	GlobalSection(SolutionConfigurationPlatforms) = preSolution
		Debug|Any CPU = Debug|Any CPU
		Release|Any CPU = Release|Any CPU
	EndGlobalSection
	GlobalSection(ProjectConfigurationPlatforms) = postSolution
		{56F5CE81-71CE-4E9B-9DD4-32DCE8EC7FC9}.Debug|Any CPU.ActiveCfg = Debug|Any CPU
		{56F5CE81-71CE-4E9B-9DD4-32DCE8EC7FC9}.Debug|Any CPU.Build.0 = Debug|Any CPU
		{56F5CE81-71CE-4E9B-9DD4-32DCE8EC7FC9}.Release|Any CPU.ActiveCfg = Release|Any CPU
		{56F5CE81-71CE-4E9B-9DD4-32DCE8EC7FC9}.Release|Any CPU.Build.0 = Release|Any CPU
	EndGlobalSection
	GlobalSection(SolutionProperties) = preSolution
		HideSolutionNode = FALSE
	EndGlobalSection
	GlobalSection(ExtensibilityGlobals) = postSolution
		SolutionGuid = {B7D471B9-DD73-4157-8F81-136EB2F88F3D}
	EndGlobalSection
EndGlobal
